
Microsoft Visual Studio Solution File, Format Version 12.00
# Visual Studio 15
VisualStudioVersion = 15.0.28307.902
MinimumVisualStudioVersion = 10.0.40219.1
Project("{E24C65DC-7377-472B-9ABA-BC803B73C61A}") = "jsultze1745ex3c", "jsultze1745ex3c\", "{26866632-EAE6-4C65-B868-A2C7EAC34D62}"
	ProjectSection(WebsiteProperties) = preProject
		TargetFrameworkMoniker = ".NETFramework,Version%3Dv4.6.1"
		Debug.AspNetCompiler.VirtualPath = "/localhost_50378"
		Debug.AspNetCompiler.PhysicalPath = "jsultze1745ex3c\"
		Debug.AspNetCompiler.TargetPath = "PrecompiledWeb\localhost_50378\"
		Debug.AspNetCompiler.Updateable = "true"
		Debug.AspNetCompiler.ForceOverwrite = "true"
		Debug.AspNetCompiler.FixedNames = "false"
		Debug.AspNetCompiler.Debug = "True"
		Release.AspNetCompiler.VirtualPath = "/localhost_50378"
		Release.AspNetCompiler.PhysicalPath = "jsultze1745ex3c\"
		Release.AspNetCompiler.TargetPath = "PrecompiledWeb\localhost_50378\"
		Release.AspNetCompiler.Updateable = "true"
		Release.AspNetCompiler.ForceOverwrite = "true"
		Release.AspNetCompiler.FixedNames = "false"
		Release.AspNetCompiler.Debug = "False"
		VWDPort = "50378"
		SlnRelativePath = "jsultze1745ex3c\"
		DefaultWebSiteLanguage = "Visual C#"
	EndProjectSection
EndProject
Global
	GlobalSection(SolutionConfigurationPlatforms) = preSolution
		Debug|Any CPU = Debug|Any CPU
	EndGlobalSection
	GlobalSection(ProjectConfigurationPlatforms) = postSolution
		{26866632-EAE6-4C65-B868-A2C7EAC34D62}.Debug|Any CPU.ActiveCfg = Debug|Any CPU
		{26866632-EAE6-4C65-B868-A2C7EAC34D62}.Debug|Any CPU.Build.0 = Debug|Any CPU
	EndGlobalSection
	GlobalSection(SolutionProperties) = preSolution
		HideSolutionNode = FALSE
	EndGlobalSection
	GlobalSection(ExtensibilityGlobals) = postSolution
		SolutionGuid = {7543FEDA-4C34-4EE5-858C-F20C7A07A9FD}
	EndGlobalSection
EndGlobal
